
Microsoft Visual Studio Solution File, Format Version 12.00
# Visual Studio Version 17
VisualStudioVersion = 17.5.002.0
MinimumVisualStudioVersion = 10.0.40219.1
Project("{9A19103F-16F7-4668-BE54-9A1E7A4F7556}") = "signalrnet", "signalrnet.csproj", "{3397F4B5-D63A-4C65-9A7C-64A47FA306AB}"
EndProject
Global
	GlobalSection(SolutionConfigurationPlatforms) = preSolution
		Debug|Any CPU = Debug|Any CPU
		Release|Any CPU = Release|Any CPU
	EndGlobalSection
	GlobalSection(ProjectConfigurationPlatforms) = postSolution
		{3397F4B5-D63A-4C65-9A7C-64A47FA306AB}.Debug|Any CPU.ActiveCfg = Debug|Any CPU
		{3397F4B5-D63A-4C65-9A7C-64A47FA306AB}.Debug|Any CPU.Build.0 = Debug|Any CPU
		{3397F4B5-D63A-4C65-9A7C-64A47FA306AB}.Release|Any CPU.ActiveCfg = Release|Any CPU
		{3397F4B5-D63A-4C65-9A7C-64A47FA306AB}.Release|Any CPU.Build.0 = Release|Any CPU
	EndGlobalSection
	GlobalSection(SolutionProperties) = preSolution
		HideSolutionNode = FALSE
	EndGlobalSection
	GlobalSection(ExtensibilityGlobals) = postSolution
		SolutionGuid = {8269FA05-B276-4C8E-B9B0-75DB17BB3CEA}
	EndGlobalSection
EndGlobal
